// !$*UTF8*$!
{
	archiveVersion = 1;
	classes = {
	};
	objectVersion = 50;
	objects = {

/* Begin PBXBuildFile section */
		301AC7B021CBE75000741FAE /* board.c in Sources */ = {isa = PBXBuildFile; fileRef = 301AC7AF21CBE75000741FAE /* board.c */; };
		3023C59321CBDD3A001BCEA9 /* Patterns.c in Sources */ = {isa = PBXBuildFile; fileRef = 3023C59221CBDD3A001BCEA9 /* Patterns.c */; };
		3034A3B721C52A2000E7B3DE /* Renju.c in Sources */ = {isa = PBXBuildFile; fileRef = 3034A3B621C52A2000E7B3DE /* Renju.c */; };
		3075D3C321CE2AB10098267A /* Zobrist.c in Sources */ = {isa = PBXBuildFile; fileRef = 3075D3C221CE2AB10098267A /* Zobrist.c */; };
		307F153521C1E18800324B07 /* main.c in Sources */ = {isa = PBXBuildFile; fileRef = 307F153421C1E18800324B07 /* main.c */; };
		3098805C21C1F93B005CA395 /* ArrayOp.c in Sources */ = {isa = PBXBuildFile; fileRef = 3098805B21C1F93B005CA395 /* ArrayOp.c */; };
		3098805E21C20184005CA395 /* ChangeBoard.c in Sources */ = {isa = PBXBuildFile; fileRef = 3098805D21C20184005CA395 /* ChangeBoard.c */; };
		3098806021C202D1005CA395 /* Initialize.c in Sources */ = {isa = PBXBuildFile; fileRef = 3098805F21C202D1005CA395 /* Initialize.c */; };
		3098806321C206ED005CA395 /* Trans.c in Sources */ = {isa = PBXBuildFile; fileRef = 3098806221C206ED005CA395 /* Trans.c */; };
		30A7067C21C39C150078CBC6 /* Evaluate.c in Sources */ = {isa = PBXBuildFile; fileRef = 30A7067B21C39C150078CBC6 /* Evaluate.c */; };
		30CF996B21C4914E00A0EC68 /* CheckWin.c in Sources */ = {isa = PBXBuildFile; fileRef = 30CF996A21C4914E00A0EC68 /* CheckWin.c */; };
		30EBD05721C3F4AF00A9E6AA /* Generate.c in Sources */ = {isa = PBXBuildFile; fileRef = 30EBD05621C3F4AF00A9E6AA /* Generate.c */; };
		30EBD05921C3FE1F00A9E6AA /* Search.c in Sources */ = {isa = PBXBuildFile; fileRef = 30EBD05821C3FE1F00A9E6AA /* Search.c */; };
/* End PBXBuildFile section */

/* Begin PBXCopyFilesBuildPhase section */
		307F152F21C1E18800324B07 /* CopyFiles */ = {
			isa = PBXCopyFilesBuildPhase;
			buildActionMask = 2147483647;
			dstPath = /usr/share/man/man1/;
			dstSubfolderSpec = 0;
			files = (
			);
			runOnlyForDeploymentPostprocessing = 1;
		};
/* End PBXCopyFilesBuildPhase section */

/* Begin PBXFileReference section */
		301AC7AE21CBE72200741FAE /* main.h */ = {isa = PBXFileReference; lastKnownFileType = sourcecode.c.h; path = main.h; sourceTree = "<group>"; };
		301AC7AF21CBE75000741FAE /* board.c */ = {isa = PBXFileReference; lastKnownFileType = sourcecode.c.c; path = board.c; sourceTree = "<group>"; };
		301AC7B121CBE7B500741FAE /* array.h */ = {isa = PBXFileReference; lastKnownFileType = sourcecode.c.h; path = array.h; sourceTree = "<group>"; };
		301AC7B321CBE99900741FAE /* init.h */ = {isa = PBXFileReference; lastKnownFileType = sourcecode.c.h; path = init.h; sourceTree = "<group>"; };
		301AC7B421CBEA7C00741FAE /* evaluate.h */ = {isa = PBXFileReference; lastKnownFileType = sourcecode.c.h; path = evaluate.h; sourceTree = "<group>"; };
		301AC7B521CBEAE100741FAE /* generate.h */ = {isa = PBXFileReference; lastKnownFileType = sourcecode.c.h; path = generate.h; sourceTree = "<group>"; };
		301AC7B621CBEB0100741FAE /* trans.h */ = {isa = PBXFileReference; lastKnownFileType = sourcecode.c.h; path = trans.h; sourceTree = "<group>"; };
		301AC7B721CBEB7200741FAE /* changeBoard.h */ = {isa = PBXFileReference; lastKnownFileType = sourcecode.c.h; path = changeBoard.h; sourceTree = "<group>"; };
		301AC7B821CBEC5700741FAE /* renju.h */ = {isa = PBXFileReference; lastKnownFileType = sourcecode.c.h; path = renju.h; sourceTree = "<group>"; };
		301AC7B921CBEC7900741FAE /* win.h */ = {isa = PBXFileReference; lastKnownFileType = sourcecode.c.h; path = win.h; sourceTree = "<group>"; };
		301AC7BA21CBECB500741FAE /* search.h */ = {isa = PBXFileReference; lastKnownFileType = sourcecode.c.h; path = search.h; sourceTree = "<group>"; };
		3023C59121CBDD3A001BCEA9 /* patterns.h */ = {isa = PBXFileReference; lastKnownFileType = sourcecode.c.h; path = patterns.h; sourceTree = "<group>"; };
		3023C59221CBDD3A001BCEA9 /* Patterns.c */ = {isa = PBXFileReference; lastKnownFileType = sourcecode.c.c; path = Patterns.c; sourceTree = "<group>"; };
		3034A3B621C52A2000E7B3DE /* Renju.c */ = {isa = PBXFileReference; lastKnownFileType = sourcecode.c.c; path = Renju.c; sourceTree = "<group>"; };
		3056BE7B21D671BA00965692 /* Deep Terminator */ = {isa = PBXFileReference; explicitFileType = "compiled.mach-o.executable"; includeInIndex = 0; name = "Deep Terminator"; path = "/Users/haoyuwang/Desktop/Deep Terminator/build/Debug/Deep Terminator"; sourceTree = "<absolute>"; };
		3075D3C121CE2AB10098267A /* zobrist.h */ = {isa = PBXFileReference; lastKnownFileType = sourcecode.c.h; path = zobrist.h; sourceTree = "<group>"; };
		3075D3C221CE2AB10098267A /* Zobrist.c */ = {isa = PBXFileReference; lastKnownFileType = sourcecode.c.c; path = Zobrist.c; sourceTree = "<group>"; };
		307F153421C1E18800324B07 /* main.c */ = {isa = PBXFileReference; lastKnownFileType = sourcecode.c.c; path = main.c; sourceTree = "<group>"; };
		3098805B21C1F93B005CA395 /* ArrayOp.c */ = {isa = PBXFileReference; lastKnownFileType = sourcecode.c.c; path = ArrayOp.c; sourceTree = "<group>"; };
		3098805D21C20184005CA395 /* ChangeBoard.c */ = {isa = PBXFileReference; lastKnownFileType = sourcecode.c.c; path = ChangeBoard.c; sourceTree = "<group>"; };
		3098805F21C202D1005CA395 /* Initialize.c */ = {isa = PBXFileReference; lastKnownFileType = sourcecode.c.c; path = Initialize.c; sourceTree = "<group>"; };
		3098806121C2032D005CA395 /* board.h */ = {isa = PBXFileReference; lastKnownFileType = sourcecode.c.h; path = board.h; sourceTree = "<group>"; };
		3098806221C206ED005CA395 /* Trans.c */ = {isa = PBXFileReference; lastKnownFileType = sourcecode.c.c; path = Trans.c; sourceTree = "<group>"; };
		30A7067B21C39C150078CBC6 /* Evaluate.c */ = {isa = PBXFileReference; lastKnownFileType = sourcecode.c.c; path = Evaluate.c; sourceTree = "<group>"; };
		30CF996A21C4914E00A0EC68 /* CheckWin.c */ = {isa = PBXFileReference; lastKnownFileType = sourcecode.c.c; path = CheckWin.c; sourceTree = "<group>"; };
		30EBD05521C3F3FA00A9E6AA /* settings.h */ = {isa = PBXFileReference; lastKnownFileType = sourcecode.c.h; path = settings.h; sourceTree = "<group>"; };
		30EBD05621C3F4AF00A9E6AA /* Generate.c */ = {isa = PBXFileReference; lastKnownFileType = sourcecode.c.c; path = Generate.c; sourceTree = "<group>"; };
		30EBD05821C3FE1F00A9E6AA /* Search.c */ = {isa = PBXFileReference; lastKnownFileType = sourcecode.c.c; path = Search.c; sourceTree = "<group>"; };
/* End PBXFileReference section */

/* Begin PBXFrameworksBuildPhase section */
		307F152E21C1E18800324B07 /* Frameworks */ = {
			isa = PBXFrameworksBuildPhase;
			buildActionMask = 2147483647;
			files = (
			);
			runOnlyForDeploymentPostprocessing = 0;
		};
/* End PBXFrameworksBuildPhase section */

/* Begin PBXGroup section */
		307F152821C1E18800324B07 = {
			isa = PBXGroup;
			children = (
				307F153321C1E18800324B07 /* Deep Terminator */,
			);
			sourceTree = "<group>";
		};
		307F153321C1E18800324B07 /* Deep Terminator */ = {
			isa = PBXGroup;
			children = (
				307F153421C1E18800324B07 /* main.c */,
				301AC7AE21CBE72200741FAE /* main.h */,
				307F153B21C1E1D100324B07 /* IO interface */,
				307F153C21C1E21700324B07 /* AI Engine */,
			);
			path = "Deep Terminator";
			sourceTree = "<group>";
		};
		307F153B21C1E1D100324B07 /* IO interface */ = {
			isa = PBXGroup;
			children = (
				301AC7B721CBEB7200741FAE /* changeBoard.h */,
				3098805D21C20184005CA395 /* ChangeBoard.c */,
				301AC7B621CBEB0100741FAE /* trans.h */,
				3098806221C206ED005CA395 /* Trans.c */,
			);
			path = "IO interface";
			sourceTree = "<group>";
		};
		307F153C21C1E21700324B07 /* AI Engine */ = {
			isa = PBXGroup;
			children = (
				30EBD05521C3F3FA00A9E6AA /* settings.h */,
				3098806121C2032D005CA395 /* board.h */,
				301AC7AF21CBE75000741FAE /* board.c */,
				301AC7B121CBE7B500741FAE /* array.h */,
				3098805B21C1F93B005CA395 /* ArrayOp.c */,
				301AC7B321CBE99900741FAE /* init.h */,
				3098805F21C202D1005CA395 /* Initialize.c */,
				301AC7B421CBEA7C00741FAE /* evaluate.h */,
				30A7067B21C39C150078CBC6 /* Evaluate.c */,
				301AC7B521CBEAE100741FAE /* generate.h */,
				30EBD05621C3F4AF00A9E6AA /* Generate.c */,
				301AC7BA21CBECB500741FAE /* search.h */,
				30EBD05821C3FE1F00A9E6AA /* Search.c */,
				301AC7B921CBEC7900741FAE /* win.h */,
				30CF996A21C4914E00A0EC68 /* CheckWin.c */,
				301AC7B821CBEC5700741FAE /* renju.h */,
				3034A3B621C52A2000E7B3DE /* Renju.c */,
				3023C59121CBDD3A001BCEA9 /* patterns.h */,
				3023C59221CBDD3A001BCEA9 /* Patterns.c */,
				3075D3C121CE2AB10098267A /* zobrist.h */,
				3075D3C221CE2AB10098267A /* Zobrist.c */,
			);
			path = "AI Engine";
			sourceTree = "<group>";
		};
/* End PBXGroup section */

/* Begin PBXNativeTarget section */
		307F153021C1E18800324B07 /* Deep Terminator */ = {
			isa = PBXNativeTarget;
			buildConfigurationList = 307F153821C1E18800324B07 /* Build configuration list for PBXNativeTarget "Deep Terminator" */;
			buildPhases = (
				307F152D21C1E18800324B07 /* Sources */,
				307F152E21C1E18800324B07 /* Frameworks */,
				307F152F21C1E18800324B07 /* CopyFiles */,
			);
			buildRules = (
			);
			dependencies = (
			);
			name = "Deep Terminator";
			productName = "Deep Terminator";
			productReference = 3056BE7B21D671BA00965692 /* Deep Terminator */;
			productType = "com.apple.product-type.tool";
		};
/* End PBXNativeTarget section */

/* Begin PBXProject section */
		307F152921C1E18800324B07 /* Project object */ = {
			isa = PBXProject;
			attributes = {
				LastUpgradeCheck = 1010;
				ORGANIZATIONNAME = "UCAS Developers";
				TargetAttributes = {
					307F153021C1E18800324B07 = {
						CreatedOnToolsVersion = 10.1;
					};
				};
			};
			buildConfigurationList = 307F152C21C1E18800324B07 /* Build configuration list for PBXProject "Deep Terminator" */;
			compatibilityVersion = "Xcode 9.3";
			developmentRegion = en;
			hasScannedForEncodings = 0;
			knownRegions = (
				en,
			);
			mainGroup = 307F152821C1E18800324B07;
			productRefGroup = 307F152821C1E18800324B07;
			projectDirPath = "";
			projectRoot = "";
			targets = (
				307F153021C1E18800324B07 /* Deep Terminator */,
			);
		};
/* End PBXProject section */

/* Begin PBXSourcesBuildPhase section */
		307F152D21C1E18800324B07 /* Sources */ = {
			isa = PBXSourcesBuildPhase;
			buildActionMask = 2147483647;
			files = (
				3098805C21C1F93B005CA395 /* ArrayOp.c in Sources */,
				307F153521C1E18800324B07 /* main.c in Sources */,
				30A7067C21C39C150078CBC6 /* Evaluate.c in Sources */,
				301AC7B021CBE75000741FAE /* board.c in Sources */,
				3034A3B721C52A2000E7B3DE /* Renju.c in Sources */,
				30CF996B21C4914E00A0EC68 /* CheckWin.c in Sources */,
				3075D3C321CE2AB10098267A /* Zobrist.c in Sources */,
				30EBD05921C3FE1F00A9E6AA /* Search.c in Sources */,
				3098805E21C20184005CA395 /* ChangeBoard.c in Sources */,
				3023C59321CBDD3A001BCEA9 /* Patterns.c in Sources */,
				3098806321C206ED005CA395 /* Trans.c in Sources */,
				30EBD05721C3F4AF00A9E6AA /* Generate.c in Sources */,
				3098806021C202D1005CA395 /* Initialize.c in Sources */,
			);
			runOnlyForDeploymentPostprocessing = 0;
		};
/* End PBXSourcesBuildPhase section */

/* Begin XCBuildConfiguration section */
		307F153621C1E18800324B07 /* Debug */ = {
			isa = XCBuildConfiguration;
			buildSettings = {
				ALWAYS_SEARCH_USER_PATHS = NO;
				CLANG_ANALYZER_NONNULL = YES;
				CLANG_ANALYZER_NUMBER_OBJECT_CONVERSION = YES_AGGRESSIVE;
				CLANG_CXX_LANGUAGE_STANDARD = "gnu++14";
				CLANG_CXX_LIBRARY = "libc++";
				CLANG_ENABLE_MODULES = YES;
				CLANG_ENABLE_OBJC_ARC = YES;
				CLANG_ENABLE_OBJC_WEAK = YES;
				CLANG_WARN_BLOCK_CAPTURE_AUTORELEASING = YES;
				CLANG_WARN_BOOL_CONVERSION = YES;
				CLANG_WARN_COMMA = YES;
				CLANG_WARN_CONSTANT_CONVERSION = YES;
				CLANG_WARN_DEPRECATED_OBJC_IMPLEMENTATIONS = YES;
				CLANG_WARN_DIRECT_OBJC_ISA_USAGE = YES_ERROR;
				CLANG_WARN_DOCUMENTATION_COMMENTS = YES;
				CLANG_WARN_EMPTY_BODY = YES;
				CLANG_WARN_ENUM_CONVERSION = YES;
				CLANG_WARN_INFINITE_RECURSION = YES;
				CLANG_WARN_INT_CONVERSION = YES;
				CLANG_WARN_NON_LITERAL_NULL_CONVERSION = YES;
				CLANG_WARN_OBJC_IMPLICIT_RETAIN_SELF = YES;
				CLANG_WARN_OBJC_LITERAL_CONVERSION = YES;
				CLANG_WARN_OBJC_ROOT_CLASS = YES_ERROR;
				CLANG_WARN_RANGE_LOOP_ANALYSIS = YES;
				CLANG_WARN_STRICT_PROTOTYPES = YES;
				CLANG_WARN_SUSPICIOUS_MOVE = YES;
				CLANG_WARN_UNGUARDED_AVAILABILITY = YES_AGGRESSIVE;
				CLANG_WARN_UNREACHABLE_CODE = YES;
				CLANG_WARN__DUPLICATE_METHOD_MATCH = YES;
				CODE_SIGN_IDENTITY = "Mac Developer";
				COPY_PHASE_STRIP = NO;
				DEBUG_INFORMATION_FORMAT = dwarf;
				ENABLE_STRICT_OBJC_MSGSEND = YES;
				ENABLE_TESTABILITY = YES;
				GCC_C_LANGUAGE_STANDARD = gnu11;
				GCC_DYNAMIC_NO_PIC = NO;
				GCC_NO_COMMON_BLOCKS = YES;
				GCC_OPTIMIZATION_LEVEL = 0;
				GCC_PREPROCESSOR_DEFINITIONS = (
					"DEBUG=1",
					"$(inherited)",
				);
				GCC_WARN_64_TO_32_BIT_CONVERSION = YES;
				GCC_WARN_ABOUT_RETURN_TYPE = YES_ERROR;
				GCC_WARN_UNDECLARED_SELECTOR = YES;
				GCC_WARN_UNINITIALIZED_AUTOS = YES_AGGRESSIVE;
				GCC_WARN_UNUSED_FUNCTION = YES;
				GCC_WARN_UNUSED_VARIABLE = YES;
				MACOSX_DEPLOYMENT_TARGET = 10.14;
				MTL_ENABLE_DEBUG_INFO = INCLUDE_SOURCE;
				MTL_FAST_MATH = YES;
				ONLY_ACTIVE_ARCH = YES;
				SDKROOT = macosx;
			};
			name = Debug;
		};
		307F153721C1E18800324B07 /* Release */ = {
			isa = XCBuildConfiguration;
			buildSettings = {
				ALWAYS_SEARCH_USER_PATHS = NO;
				CLANG_ANALYZER_NONNULL = YES;
				CLANG_ANALYZER_NUMBER_OBJECT_CONVERSION = YES_AGGRESSIVE;
				CLANG_CXX_LANGUAGE_STANDARD = "gnu++14";
				CLANG_CXX_LIBRARY = "libc++";
				CLANG_ENABLE_MODULES = YES;
				CLANG_ENABLE_OBJC_ARC = YES;
				CLANG_ENABLE_OBJC_WEAK = YES;
				CLANG_WARN_BLOCK_CAPTURE_AUTORELEASING = YES;
				CLANG_WARN_BOOL_CONVERSION = YES;
				CLANG_WARN_COMMA = YES;
				CLANG_WARN_CONSTANT_CONVERSION = YES;
				CLANG_WARN_DEPRECATED_OBJC_IMPLEMENTATIONS = YES;
				CLANG_WARN_DIRECT_OBJC_ISA_USAGE = YES_ERROR;
				CLANG_WARN_DOCUMENTATION_COMMENTS = YES;
				CLANG_WARN_EMPTY_BODY = YES;
				CLANG_WARN_ENUM_CONVERSION = YES;
				CLANG_WARN_INFINITE_RECURSION = YES;
				CLANG_WARN_INT_CONVERSION = YES;
				CLANG_WARN_NON_LITERAL_NULL_CONVERSION = YES;
				CLANG_WARN_OBJC_IMPLICIT_RETAIN_SELF = YES;
				CLANG_WARN_OBJC_LITERAL_CONVERSION = YES;
				CLANG_WARN_OBJC_ROOT_CLASS = YES_ERROR;
				CLANG_WARN_RANGE_LOOP_ANALYSIS = YES;
				CLANG_WARN_STRICT_PROTOTYPES = YES;
				CLANG_WARN_SUSPICIOUS_MOVE = YES;
				CLANG_WARN_UNGUARDED_AVAILABILITY = YES_AGGRESSIVE;
				CLANG_WARN_UNREACHABLE_CODE = YES;
				CLANG_WARN__DUPLICATE_METHOD_MATCH = YES;
				CODE_SIGN_IDENTITY = "Mac Developer";
				COPY_PHASE_STRIP = NO;
				DEBUG_INFORMATION_FORMAT = "dwarf-with-dsym";
				ENABLE_NS_ASSERTIONS = NO;
				ENABLE_STRICT_OBJC_MSGSEND = YES;
				GCC_C_LANGUAGE_STANDARD = gnu11;
				GCC_NO_COMMON_BLOCKS = YES;
				GCC_WARN_64_TO_32_BIT_CONVERSION = YES;
				GCC_WARN_ABOUT_RETURN_TYPE = YES_ERROR;
				GCC_WARN_UNDECLARED_SELECTOR = YES;
				GCC_WARN_UNINITIALIZED_AUTOS = YES_AGGRESSIVE;
				GCC_WARN_UNUSED_FUNCTION = YES;
				GCC_WARN_UNUSED_VARIABLE = YES;
				MACOSX_DEPLOYMENT_TARGET = 10.14;
				MTL_ENABLE_DEBUG_INFO = NO;
				MTL_FAST_MATH = YES;
				SDKROOT = macosx;
			};
			name = Release;
		};
		307F153921C1E18800324B07 /* Debug */ = {
			isa = XCBuildConfiguration;
			buildSettings = {
				CODE_SIGN_STYLE = Automatic;
				DEVELOPMENT_TEAM = RCDKQLH452;
				PRODUCT_NAME = "$(TARGET_NAME)";
			};
			name = Debug;
		};
		307F153A21C1E18800324B07 /* Release */ = {
			isa = XCBuildConfiguration;
			buildSettings = {
				CODE_SIGN_STYLE = Automatic;
				DEVELOPMENT_TEAM = RCDKQLH452;
				PRODUCT_NAME = "$(TARGET_NAME)";
			};
			name = Release;
		};
/* End XCBuildConfiguration section */

/* Begin XCConfigurationList section */
		307F152C21C1E18800324B07 /* Build configuration list for PBXProject "Deep Terminator" */ = {
			isa = XCConfigurationList;
			buildConfigurations = (
				307F153621C1E18800324B07 /* Debug */,
				307F153721C1E18800324B07 /* Release */,
			);
			defaultConfigurationIsVisible = 0;
			defaultConfigurationName = Release;
		};
		307F153821C1E18800324B07 /* Build configuration list for PBXNativeTarget "Deep Terminator" */ = {
			isa = XCConfigurationList;
			buildConfigurations = (
				307F153921C1E18800324B07 /* Debug */,
				307F153A21C1E18800324B07 /* Release */,
			);
			defaultConfigurationIsVisible = 0;
			defaultConfigurationName = Release;
		};
/* End XCConfigurationList section */
	};
	rootObject = 307F152921C1E18800324B07 /* Project object */;
}
